// !$*UTF8*$!
{
	archiveVersion = 1;
	classes = {
	};
	objectVersion = 56;
	objects = {

/* Begin PBXBuildFile section */
		C604C6EB2B2DE8AA0039773F /* PickerBootcamp.swift in Sources */ = {isa = PBXBuildFile; fileRef = C604C6EA2B2DE8AA0039773F /* PickerBootcamp.swift */; };
		C605D9E02B13A1BF00B05111 /* StatePropertyWrapperBootcamp.swift in Sources */ = {isa = PBXBuildFile; fileRef = C605D9DF2B13A1BF00B05111 /* StatePropertyWrapperBootcamp.swift */; };
		C606B83D2B38B31900B1480A /* StateObjectandObservableObject.swift in Sources */ = {isa = PBXBuildFile; fileRef = C606B83C2B38B31900B1480A /* StateObjectandObservableObject.swift */; };
		C60B68B52B163B3300C557D0 /* BindingBootcamp.swift in Sources */ = {isa = PBXBuildFile; fileRef = C60B68B42B163B3300C557D0 /* BindingBootcamp.swift */; };
		C60B68B92B16515200C557D0 /* TwitterProfileClone.swift in Sources */ = {isa = PBXBuildFile; fileRef = C60B68B82B16515200C557D0 /* TwitterProfileClone.swift */; };
		C61314A32B0E4DBC000BC7E7 /* IgnnoreSafeAreaBootcamp.swift in Sources */ = {isa = PBXBuildFile; fileRef = C61314A22B0E4DBC000BC7E7 /* IgnnoreSafeAreaBootcamp.swift */; };
		C6176BD32B21F5430029232A /* TransitionBootcamp.swift in Sources */ = {isa = PBXBuildFile; fileRef = C6176BD22B21F5430029232A /* TransitionBootcamp.swift */; };
		C619AF912B2DD179007BC6DB /* Toggle()Bootcamp.swift in Sources */ = {isa = PBXBuildFile; fileRef = C619AF902B2DD179007BC6DB /* Toggle()Bootcamp.swift */; };
		C61C69FF2B07B18B002CEB1E /* ScrollViewBootcamp.swift in Sources */ = {isa = PBXBuildFile; fileRef = C61C69FE2B07B18B002CEB1E /* ScrollViewBootcamp.swift */; };
		C61DE6B62B2747C1003B93F8 /* PopoverBootcamp.swift in Sources */ = {isa = PBXBuildFile; fileRef = C61DE6B52B2747C1003B93F8 /* PopoverBootcamp.swift */; };
		C6252ADC2B13BDB400B81397 /* StatePropertyWrapper.swift in Sources */ = {isa = PBXBuildFile; fileRef = C6252ADB2B13BDB400B81397 /* StatePropertyWrapper.swift */; };
		C6281E072B18F79A005DA924 /* EdLinkHomeClone.swift in Sources */ = {isa = PBXBuildFile; fileRef = C6281E062B18F79A005DA924 /* EdLinkHomeClone.swift */; };
		C630DA1C2B14FB7800E98CDC /* ExtractingFunctionBootcamp.swift in Sources */ = {isa = PBXBuildFile; fileRef = C630DA1B2B14FB7800E98CDC /* ExtractingFunctionBootcamp.swift */; };
		C630DA1E2B15054900E98CDC /* ExtractingSubViewsBootcamp.swift in Sources */ = {isa = PBXBuildFile; fileRef = C630DA1D2B15054900E98CDC /* ExtractingSubViewsBootcamp.swift */; };
		C632F1292B10E99C00468380 /* ButtonBootcamps.swift in Sources */ = {isa = PBXBuildFile; fileRef = C632F1282B10E99C00468380 /* ButtonBootcamps.swift */; };
		C6394F9D2B2B503200117E1C /* AlertBootcamp.swift in Sources */ = {isa = PBXBuildFile; fileRef = C6394F9C2B2B503200117E1C /* AlertBootcamp.swift */; };
		C63B56EF2B3DBDE600B2DD82 /* onSubmitandSubmitLabel.swift in Sources */ = {isa = PBXBuildFile; fileRef = C63B56EE2B3DBDE600B2DD82 /* onSubmitandSubmitLabel.swift */; };
		C63B56F12B3DC3F100B2DD82 /* NavigationStackBootcamp.swift in Sources */ = {isa = PBXBuildFile; fileRef = C63B56F02B3DC3F100B2DD82 /* NavigationStackBootcamp.swift */; };
		C63B56F32B3DC3F900B2DD82 /* ToolbarBootcamp.swift in Sources */ = {isa = PBXBuildFile; fileRef = C63B56F22B3DC3F900B2DD82 /* ToolbarBootcamp.swift */; };
		C63C54BB2B3AFE740062EBB5 /* EnvironmentObjectProperty.swift in Sources */ = {isa = PBXBuildFile; fileRef = C63C54BA2B3AFE740062EBB5 /* EnvironmentObjectProperty.swift */; };
		C63DFD542B1F89E0001A1E32 /* AnimationBootcamp.swift in Sources */ = {isa = PBXBuildFile; fileRef = C63DFD532B1F89E0001A1E32 /* AnimationBootcamp.swift */; };
		C63E85772B28CEC200D401C1 /* TravelAppsUiHome.swift in Sources */ = {isa = PBXBuildFile; fileRef = C63E85762B28CEC200D401C1 /* TravelAppsUiHome.swift */; };
		C63E85792B28D98200D401C1 /* NavigationViewandLinkBootcamp.swift in Sources */ = {isa = PBXBuildFile; fileRef = C63E85782B28D98200D401C1 /* NavigationViewandLinkBootcamp.swift */; };
		C6450BE72B0E5FF100EA06CA /* ButtonBootcamp.swift in Sources */ = {isa = PBXBuildFile; fileRef = C6450BE62B0E5FF100EA06CA /* ButtonBootcamp.swift */; };
		C645117C2B17965B00C41007 /* IfElseStatementBootcamp.swift in Sources */ = {isa = PBXBuildFile; fileRef = C645117B2B17965B00C41007 /* IfElseStatementBootcamp.swift */; };
		C64535E42B2CA0810087437D /* ContextMenu.swift in Sources */ = {isa = PBXBuildFile; fileRef = C64535E32B2CA0810087437D /* ContextMenu.swift */; };
		C64535E62B2CA89B0087437D /* TextfieldBootcamps.swift in Sources */ = {isa = PBXBuildFile; fileRef = C64535E52B2CA89B0087437D /* TextfieldBootcamps.swift */; };
		C650D9362B2C91770014C6E7 /* ConfirmationDialogueBootcamp.swift in Sources */ = {isa = PBXBuildFile; fileRef = C650D9352B2C91770014C6E7 /* ConfirmationDialogueBootcamp.swift */; };
		C651BFB22B3325DE00A8FDC0 /* AdaptingDarkmodeBootcamp.swift in Sources */ = {isa = PBXBuildFile; fileRef = C651BFB12B3325DE00A8FDC0 /* AdaptingDarkmodeBootcamp.swift */; };
		C651BFB42B332DFF00A8FDC0 /* MarkupAndDocumentationBootcamp.swift in Sources */ = {isa = PBXBuildFile; fileRef = C651BFB32B332DFF00A8FDC0 /* MarkupAndDocumentationBootcamp.swift */; };
		C651BFB62B333F4C00A8FDC0 /* onAppearandonDissapearBootcamp.swift in Sources */ = {isa = PBXBuildFile; fileRef = C651BFB52B333F4C00A8FDC0 /* onAppearandonDissapearBootcamp.swift */; };
		C6566BA02B1F792A007645AB /* TernaryOperatorBootcamp.swift in Sources */ = {isa = PBXBuildFile; fileRef = C6566B9F2B1F792A007645AB /* TernaryOperatorBootcamp.swift */; };
		C65A779A2B2DCBAA000D845C /* TextEditorBootcamp.swift in Sources */ = {isa = PBXBuildFile; fileRef = C65A77992B2DCBAA000D845C /* TextEditorBootcamp.swift */; };
		C66012B02B387392005BF12A /* CustomDataModel.swift in Sources */ = {isa = PBXBuildFile; fileRef = C66012AF2B387392005BF12A /* CustomDataModel.swift */; };
		C660A7A52B235B7D007BEB53 /* SheetAndFullScreenCoverBootcamp.swift in Sources */ = {isa = PBXBuildFile; fileRef = C660A7A42B235B7D007BEB53 /* SheetAndFullScreenCoverBootcamp.swift */; };
		C665E6D92B075B8C0043C1A8 /* ForEachLoopsBootcamp.swift in Sources */ = {isa = PBXBuildFile; fileRef = C665E6D82B075B8C0043C1A8 /* ForEachLoopsBootcamp.swift */; };
		C66856C82B8E0E7C00BFCF9D /* AppStorageBootcamp.swift in Sources */ = {isa = PBXBuildFile; fileRef = C66856C72B8E0E7C00BFCF9D /* AppStorageBootcamp.swift */; };
		C66856CC2B8E17DD00BFCF9D /* IntroViews.swift in Sources */ = {isa = PBXBuildFile; fileRef = C66856CB2B8E17DD00BFCF9D /* IntroViews.swift */; };
		C66856CE2B8E1B7700BFCF9D /* ExtensionData.swift in Sources */ = {isa = PBXBuildFile; fileRef = C66856CD2B8E1B7700BFCF9D /* ExtensionData.swift */; };
		C66856D02B8E299E00BFCF9D /* OnboardingView.swift in Sources */ = {isa = PBXBuildFile; fileRef = C66856CF2B8E299E00BFCF9D /* OnboardingView.swift */; };
		C66856D22B8E6C7700BFCF9D /* ProfileView.swift in Sources */ = {isa = PBXBuildFile; fileRef = C66856D12B8E6C7700BFCF9D /* ProfileView.swift */; };
		C68507C52B888C4B000E5E88 /* SaveAreainSetsBootcamp.swift in Sources */ = {isa = PBXBuildFile; fileRef = C68507C42B888C4B000E5E88 /* SaveAreainSetsBootcamp.swift */; };
		C68507C72B8891F9000E5E88 /* MenuBootcamp.swift in Sources */ = {isa = PBXBuildFile; fileRef = C68507C62B8891F9000E5E88 /* MenuBootcamp.swift */; };
		C68507C92B889390000E5E88 /* PopoverModifierBootcamp.swift in Sources */ = {isa = PBXBuildFile; fileRef = C68507C82B889390000E5E88 /* PopoverModifierBootcamp.swift */; };
		C6889EB52B31D58600424103 /* TabViewBootcamp.swift in Sources */ = {isa = PBXBuildFile; fileRef = C6889EB42B31D58600424103 /* TabViewBootcamp.swift */; };
		C69D05902B8CC7EE0053F31F /* ViewThatFitsBootcamp.swift in Sources */ = {isa = PBXBuildFile; fileRef = C69D058F2B8CC7EE0053F31F /* ViewThatFitsBootcamp.swift */; };
		C69D05922B8CCC280053F31F /* AnyLayoutBootcamp.swift in Sources */ = {isa = PBXBuildFile; fileRef = C69D05912B8CCC280053F31F /* AnyLayoutBootcamp.swift */; };
		C6A183982B2F415F00FCDA98 /* ColorPickerBootcamp.swift in Sources */ = {isa = PBXBuildFile; fileRef = C6A183972B2F415F00FCDA98 /* ColorPickerBootcamp.swift */; };
		C6A1839A2B2F4BCC00FCDA98 /* DatePickerBootcamp.swift in Sources */ = {isa = PBXBuildFile; fileRef = C6A183992B2F4BCC00FCDA98 /* DatePickerBootcamp.swift */; };
		C6A5617F2B3C5547005AB713 /* AsyncImageBootcamp.swift in Sources */ = {isa = PBXBuildFile; fileRef = C6A5617E2B3C5547005AB713 /* AsyncImageBootcamp.swift */; };
		C6A561812B3C5F1A005AB713 /* BackgroundMaterialsBootcamp.swift in Sources */ = {isa = PBXBuildFile; fileRef = C6A561802B3C5F1A005AB713 /* BackgroundMaterialsBootcamp.swift */; };
		C6A561832B3C6265005AB713 /* ButtonStyleBootcamp.swift in Sources */ = {isa = PBXBuildFile; fileRef = C6A561822B3C6265005AB713 /* ButtonStyleBootcamp.swift */; };
		C6A561852B3C6883005AB713 /* SwipeActionsForListBootcamp.swift in Sources */ = {isa = PBXBuildFile; fileRef = C6A561842B3C6883005AB713 /* SwipeActionsForListBootcamp.swift */; };
		C6A561872B3C6D4A005AB713 /* BadgeBootcamp.swift in Sources */ = {isa = PBXBuildFile; fileRef = C6A561862B3C6D4A005AB713 /* BadgeBootcamp.swift */; };
		C6A561892B3C7811005AB713 /* FocusStatePropertyWrapper.swift in Sources */ = {isa = PBXBuildFile; fileRef = C6A561882B3C7811005AB713 /* FocusStatePropertyWrapper.swift */; };
		C6A69EDD2B03CA6B00613484 /* ZstackVstackHstackBootcamp.swift in Sources */ = {isa = PBXBuildFile; fileRef = C6A69EDC2B03CA6B00613484 /* ZstackVstackHstackBootcamp.swift */; };
		C6B3A2912B07DE67008491B8 /* LazyVgGridBootamps.swift in Sources */ = {isa = PBXBuildFile; fileRef = C6B3A2902B07DE67008491B8 /* LazyVgGridBootamps.swift */; };
		C6C38CA22B20D42C002DEC4C /* AnimationCurvesBootcamp.swift in Sources */ = {isa = PBXBuildFile; fileRef = C6C38CA12B20D42C002DEC4C /* AnimationCurvesBootcamp.swift */; };
		C6D3F9392B30831B00658D9D /* StepperBootcamp.swift in Sources */ = {isa = PBXBuildFile; fileRef = C6D3F9382B30831B00658D9D /* StepperBootcamp.swift */; };
		C6D3F93B2B308CB100658D9D /* SliderBootcamp.swift in Sources */ = {isa = PBXBuildFile; fileRef = C6D3F93A2B308CB100658D9D /* SliderBootcamp.swift */; };
		C6D3F93D2B30AC7A00658D9D /* formBootcamp.swift in Sources */ = {isa = PBXBuildFile; fileRef = C6D3F93C2B30AC7A00658D9D /* formBootcamp.swift */; };
		C6D3F93F2B30AFD000658D9D /* SecureFieldBootcamp.swift in Sources */ = {isa = PBXBuildFile; fileRef = C6D3F93E2B30AFD000658D9D /* SecureFieldBootcamp.swift */; };
		C6D3F9412B30B24400658D9D /* TextSelectionBootcamp.swift in Sources */ = {isa = PBXBuildFile; fileRef = C6D3F9402B30B24400658D9D /* TextSelectionBootcamp.swift */; };
		C6D3F9432B30B36E00658D9D /* LinkBootcamp.swift in Sources */ = {isa = PBXBuildFile; fileRef = C6D3F9422B30B36E00658D9D /* LinkBootcamp.swift */; };
		C6DE299C2AF6483000CF3FF9 /* GradientsBootcamp.swift in Sources */ = {isa = PBXBuildFile; fileRef = C6DE299B2AF6483000CF3FF9 /* GradientsBootcamp.swift */; };
		C6DE299E2AF6528300CF3FF9 /* SystemIconsBootcamp.swift in Sources */ = {isa = PBXBuildFile; fileRef = C6DE299D2AF6528300CF3FF9 /* SystemIconsBootcamp.swift */; };
		C6E363D82B062439007C774B /* SpacerBootcamp.swift in Sources */ = {isa = PBXBuildFile; fileRef = C6E363D72B062439007C774B /* SpacerBootcamp.swift */; };
		C6E363DA2B0630D6007C774B /* InitsAndEnumsBootcamp.swift in Sources */ = {isa = PBXBuildFile; fileRef = C6E363D92B0630D6007C774B /* InitsAndEnumsBootcamp.swift */; };
		C6E8BACC2B20CB43009AEE21 /* Catatan.swift in Sources */ = {isa = PBXBuildFile; fileRef = C6E8BACB2B20CB43009AEE21 /* Catatan.swift */; };
		C6EAFAD42AF6716E006B03BA /* ImageBootcamp.swift in Sources */ = {isa = PBXBuildFile; fileRef = C6EAFAD32AF6716E006B03BA /* ImageBootcamp.swift */; };
		C6EAFADA2AF67BB1006B03BA /* FrameBootcamp.swift in Sources */ = {isa = PBXBuildFile; fileRef = C6EAFAD92AF67BB1006B03BA /* FrameBootcamp.swift */; };
		C6EAFADC2AF68277006B03BA /* BackgorundAndOverlaysBootcamp.swift in Sources */ = {isa = PBXBuildFile; fileRef = C6EAFADB2AF68277006B03BA /* BackgorundAndOverlaysBootcamp.swift */; };
		C6ECB1C22AF53E3300CE916B /* TextBootcamp.swift in Sources */ = {isa = PBXBuildFile; fileRef = C6ECB1C12AF53E3200CE916B /* TextBootcamp.swift */; };
		C6ECB1C62AF54BC300CE916B /* ShapesBootcamp.swift in Sources */ = {isa = PBXBuildFile; fileRef = C6ECB1C52AF54BC300CE916B /* ShapesBootcamp.swift */; };
		C6ECB1CA2AF557DE00CE916B /* ColorBootcamp.swift in Sources */ = {isa = PBXBuildFile; fileRef = C6ECB1C92AF557DE00CE916B /* ColorBootcamp.swift */; };
		C6EF662F2AF3E6180043C16D /* SwiftfulThinkingBootcampApp.swift in Sources */ = {isa = PBXBuildFile; fileRef = C6EF662E2AF3E6180043C16D /* SwiftfulThinkingBootcampApp.swift */; };
		C6EF66312AF3E6180043C16D /* ContentView.swift in Sources */ = {isa = PBXBuildFile; fileRef = C6EF66302AF3E6180043C16D /* ContentView.swift */; };
		C6EF66332AF3E6190043C16D /* Assets.xcassets in Resources */ = {isa = PBXBuildFile; fileRef = C6EF66322AF3E6190043C16D /* Assets.xcassets */; };
		C6EF66362AF3E6190043C16D /* Preview Assets.xcassets in Resources */ = {isa = PBXBuildFile; fileRef = C6EF66352AF3E6190043C16D /* Preview Assets.xcassets */; };
		C6F185BB2B2B3B7F00285B55 /* ListBootcamp.swift in Sources */ = {isa = PBXBuildFile; fileRef = C6F185BA2B2B3B7F00285B55 /* ListBootcamp.swift */; };
		C6FD4AD32B36D8FB00EA9825 /* UnwrapOptionals.swift in Sources */ = {isa = PBXBuildFile; fileRef = C6FD4AD22B36D8FB00EA9825 /* UnwrapOptionals.swift */; };
		C6FD4AD52B36E85C00EA9825 /* tapGestureBootcamp.swift in Sources */ = {isa = PBXBuildFile; fileRef = C6FD4AD42B36E85C00EA9825 /* tapGestureBootcamp.swift */; };
		C6FDC2DB2B05217F00864AC5 /* PaddingBootcamp.swift in Sources */ = {isa = PBXBuildFile; fileRef = C6FDC2DA2B05217F00864AC5 /* PaddingBootcamp.swift */; };
/* End PBXBuildFile section */

/* Begin PBXFileReference section */
		C604C6EA2B2DE8AA0039773F /* PickerBootcamp.swift */ = {isa = PBXFileReference; lastKnownFileType = sourcecode.swift; path = PickerBootcamp.swift; sourceTree = "<group>"; };
		C605D9DF2B13A1BF00B05111 /* StatePropertyWrapperBootcamp.swift */ = {isa = PBXFileReference; lastKnownFileType = sourcecode.swift; path = StatePropertyWrapperBootcamp.swift; sourceTree = "<group>"; };
		C606B83C2B38B31900B1480A /* StateObjectandObservableObject.swift */ = {isa = PBXFileReference; lastKnownFileType = sourcecode.swift; path = StateObjectandObservableObject.swift; sourceTree = "<group>"; };
		C60B68B42B163B3300C557D0 /* BindingBootcamp.swift */ = {isa = PBXFileReference; lastKnownFileType = sourcecode.swift; path = BindingBootcamp.swift; sourceTree = "<group>"; };
		C60B68B82B16515200C557D0 /* TwitterProfileClone.swift */ = {isa = PBXFileReference; lastKnownFileType = sourcecode.swift; path = TwitterProfileClone.swift; sourceTree = "<group>"; };
		C61314A22B0E4DBC000BC7E7 /* IgnnoreSafeAreaBootcamp.swift */ = {isa = PBXFileReference; lastKnownFileType = sourcecode.swift; path = IgnnoreSafeAreaBootcamp.swift; sourceTree = "<group>"; };
		C6176BD22B21F5430029232A /* TransitionBootcamp.swift */ = {isa = PBXFileReference; lastKnownFileType = sourcecode.swift; path = TransitionBootcamp.swift; sourceTree = "<group>"; };
		C619AF902B2DD179007BC6DB /* Toggle()Bootcamp.swift */ = {isa = PBXFileReference; lastKnownFileType = sourcecode.swift; path = "Toggle()Bootcamp.swift"; sourceTree = "<group>"; };
		C61C69FE2B07B18B002CEB1E /* ScrollViewBootcamp.swift */ = {isa = PBXFileReference; lastKnownFileType = sourcecode.swift; path = ScrollViewBootcamp.swift; sourceTree = "<group>"; };
		C61DE6B52B2747C1003B93F8 /* PopoverBootcamp.swift */ = {isa = PBXFileReference; lastKnownFileType = sourcecode.swift; path = PopoverBootcamp.swift; sourceTree = "<group>"; };
		C6252ADB2B13BDB400B81397 /* StatePropertyWrapper.swift */ = {isa = PBXFileReference; lastKnownFileType = sourcecode.swift; path = StatePropertyWrapper.swift; sourceTree = "<group>"; };
		C6281E062B18F79A005DA924 /* EdLinkHomeClone.swift */ = {isa = PBXFileReference; lastKnownFileType = sourcecode.swift; path = EdLinkHomeClone.swift; sourceTree = "<group>"; };
		C630DA1B2B14FB7800E98CDC /* ExtractingFunctionBootcamp.swift */ = {isa = PBXFileReference; lastKnownFileType = sourcecode.swift; path = ExtractingFunctionBootcamp.swift; sourceTree = "<group>"; };
		C630DA1D2B15054900E98CDC /* ExtractingSubViewsBootcamp.swift */ = {isa = PBXFileReference; lastKnownFileType = sourcecode.swift; path = ExtractingSubViewsBootcamp.swift; sourceTree = "<group>"; };
		C632F1282B10E99C00468380 /* ButtonBootcamps.swift */ = {isa = PBXFileReference; lastKnownFileType = sourcecode.swift; path = ButtonBootcamps.swift; sourceTree = "<group>"; };
		C6394F9C2B2B503200117E1C /* AlertBootcamp.swift */ = {isa = PBXFileReference; lastKnownFileType = sourcecode.swift; path = AlertBootcamp.swift; sourceTree = "<group>"; };
		C63B56EE2B3DBDE600B2DD82 /* onSubmitandSubmitLabel.swift */ = {isa = PBXFileReference; lastKnownFileType = sourcecode.swift; path = onSubmitandSubmitLabel.swift; sourceTree = "<group>"; };
		C63B56F02B3DC3F100B2DD82 /* NavigationStackBootcamp.swift */ = {isa = PBXFileReference; lastKnownFileType = sourcecode.swift; path = NavigationStackBootcamp.swift; sourceTree = "<group>"; };
		C63B56F22B3DC3F900B2DD82 /* ToolbarBootcamp.swift */ = {isa = PBXFileReference; lastKnownFileType = sourcecode.swift; path = ToolbarBootcamp.swift; sourceTree = "<group>"; };
		C63C54BA2B3AFE740062EBB5 /* EnvironmentObjectProperty.swift */ = {isa = PBXFileReference; lastKnownFileType = sourcecode.swift; path = EnvironmentObjectProperty.swift; sourceTree = "<group>"; };
		C63DFD532B1F89E0001A1E32 /* AnimationBootcamp.swift */ = {isa = PBXFileReference; lastKnownFileType = sourcecode.swift; path = AnimationBootcamp.swift; sourceTree = "<group>"; };
		C63E85762B28CEC200D401C1 /* TravelAppsUiHome.swift */ = {isa = PBXFileReference; lastKnownFileType = sourcecode.swift; path = TravelAppsUiHome.swift; sourceTree = "<group>"; };
		C63E85782B28D98200D401C1 /* NavigationViewandLinkBootcamp.swift */ = {isa = PBXFileReference; lastKnownFileType = sourcecode.swift; path = NavigationViewandLinkBootcamp.swift; sourceTree = "<group>"; };
		C6450BE62B0E5FF100EA06CA /* ButtonBootcamp.swift */ = {isa = PBXFileReference; lastKnownFileType = sourcecode.swift; path = ButtonBootcamp.swift; sourceTree = "<group>"; };
		C645117B2B17965B00C41007 /* IfElseStatementBootcamp.swift */ = {isa = PBXFileReference; lastKnownFileType = sourcecode.swift; path = IfElseStatementBootcamp.swift; sourceTree = "<group>"; };
		C64535E32B2CA0810087437D /* ContextMenu.swift */ = {isa = PBXFileReference; lastKnownFileType = sourcecode.swift; path = ContextMenu.swift; sourceTree = "<group>"; };
		C64535E52B2CA89B0087437D /* TextfieldBootcamps.swift */ = {isa = PBXFileReference; lastKnownFileType = sourcecode.swift; path = TextfieldBootcamps.swift; sourceTree = "<group>"; };
		C650D9352B2C91770014C6E7 /* ConfirmationDialogueBootcamp.swift */ = {isa = PBXFileReference; lastKnownFileType = sourcecode.swift; path = ConfirmationDialogueBootcamp.swift; sourceTree = "<group>"; };
		C651BFB12B3325DE00A8FDC0 /* AdaptingDarkmodeBootcamp.swift */ = {isa = PBXFileReference; lastKnownFileType = sourcecode.swift; path = AdaptingDarkmodeBootcamp.swift; sourceTree = "<group>"; };
		C651BFB32B332DFF00A8FDC0 /* MarkupAndDocumentationBootcamp.swift */ = {isa = PBXFileReference; lastKnownFileType = sourcecode.swift; path = MarkupAndDocumentationBootcamp.swift; sourceTree = "<group>"; };
		C651BFB52B333F4C00A8FDC0 /* onAppearandonDissapearBootcamp.swift */ = {isa = PBXFileReference; lastKnownFileType = sourcecode.swift; path = onAppearandonDissapearBootcamp.swift; sourceTree = "<group>"; };
		C6566B9F2B1F792A007645AB /* TernaryOperatorBootcamp.swift */ = {isa = PBXFileReference; lastKnownFileType = sourcecode.swift; path = TernaryOperatorBootcamp.swift; sourceTree = "<group>"; };
		C65A77992B2DCBAA000D845C /* TextEditorBootcamp.swift */ = {isa = PBXFileReference; lastKnownFileType = sourcecode.swift; path = TextEditorBootcamp.swift; sourceTree = "<group>"; };
		C66012AF2B387392005BF12A /* CustomDataModel.swift */ = {isa = PBXFileReference; lastKnownFileType = sourcecode.swift; path = CustomDataModel.swift; sourceTree = "<group>"; };
		C660A7A42B235B7D007BEB53 /* SheetAndFullScreenCoverBootcamp.swift */ = {isa = PBXFileReference; lastKnownFileType = sourcecode.swift; path = SheetAndFullScreenCoverBootcamp.swift; sourceTree = "<group>"; };
		C665E6D82B075B8C0043C1A8 /* ForEachLoopsBootcamp.swift */ = {isa = PBXFileReference; lastKnownFileType = sourcecode.swift; path = ForEachLoopsBootcamp.swift; sourceTree = "<group>"; };
		C66856C72B8E0E7C00BFCF9D /* AppStorageBootcamp.swift */ = {isa = PBXFileReference; lastKnownFileType = sourcecode.swift; path = AppStorageBootcamp.swift; sourceTree = "<group>"; };
		C66856CB2B8E17DD00BFCF9D /* IntroViews.swift */ = {isa = PBXFileReference; lastKnownFileType = sourcecode.swift; path = IntroViews.swift; sourceTree = "<group>"; };
		C66856CD2B8E1B7700BFCF9D /* ExtensionData.swift */ = {isa = PBXFileReference; lastKnownFileType = sourcecode.swift; path = ExtensionData.swift; sourceTree = "<group>"; };
		C66856CF2B8E299E00BFCF9D /* OnboardingView.swift */ = {isa = PBXFileReference; lastKnownFileType = sourcecode.swift; path = OnboardingView.swift; sourceTree = "<group>"; };
		C66856D12B8E6C7700BFCF9D /* ProfileView.swift */ = {isa = PBXFileReference; lastKnownFileType = sourcecode.swift; path = ProfileView.swift; sourceTree = "<group>"; };
		C68507C42B888C4B000E5E88 /* SaveAreainSetsBootcamp.swift */ = {isa = PBXFileReference; lastKnownFileType = sourcecode.swift; path = SaveAreainSetsBootcamp.swift; sourceTree = "<group>"; };
		C68507C62B8891F9000E5E88 /* MenuBootcamp.swift */ = {isa = PBXFileReference; lastKnownFileType = sourcecode.swift; path = MenuBootcamp.swift; sourceTree = "<group>"; };
		C68507C82B889390000E5E88 /* PopoverModifierBootcamp.swift */ = {isa = PBXFileReference; lastKnownFileType = sourcecode.swift; path = PopoverModifierBootcamp.swift; sourceTree = "<group>"; };
		C6889EB42B31D58600424103 /* TabViewBootcamp.swift */ = {isa = PBXFileReference; lastKnownFileType = sourcecode.swift; path = TabViewBootcamp.swift; sourceTree = "<group>"; };
		C69D058F2B8CC7EE0053F31F /* ViewThatFitsBootcamp.swift */ = {isa = PBXFileReference; lastKnownFileType = sourcecode.swift; path = ViewThatFitsBootcamp.swift; sourceTree = "<group>"; };
		C69D05912B8CCC280053F31F /* AnyLayoutBootcamp.swift */ = {isa = PBXFileReference; lastKnownFileType = sourcecode.swift; path = AnyLayoutBootcamp.swift; sourceTree = "<group>"; usesTabs = 0; };
		C6A183972B2F415F00FCDA98 /* ColorPickerBootcamp.swift */ = {isa = PBXFileReference; lastKnownFileType = sourcecode.swift; path = ColorPickerBootcamp.swift; sourceTree = "<group>"; };
		C6A183992B2F4BCC00FCDA98 /* DatePickerBootcamp.swift */ = {isa = PBXFileReference; lastKnownFileType = sourcecode.swift; path = DatePickerBootcamp.swift; sourceTree = "<group>"; };
		C6A5617E2B3C5547005AB713 /* AsyncImageBootcamp.swift */ = {isa = PBXFileReference; lastKnownFileType = sourcecode.swift; name = AsyncImageBootcamp.swift; path = SwiftfulThinkingBootcamp/BootcampSwiftUI/BeginnerLevel/AsyncImageBootcamp.swift; sourceTree = SOURCE_ROOT; };
		C6A561802B3C5F1A005AB713 /* BackgroundMaterialsBootcamp.swift */ = {isa = PBXFileReference; lastKnownFileType = sourcecode.swift; path = BackgroundMaterialsBootcamp.swift; sourceTree = "<group>"; };
		C6A561822B3C6265005AB713 /* ButtonStyleBootcamp.swift */ = {isa = PBXFileReference; lastKnownFileType = sourcecode.swift; path = ButtonStyleBootcamp.swift; sourceTree = "<group>"; };
		C6A561842B3C6883005AB713 /* SwipeActionsForListBootcamp.swift */ = {isa = PBXFileReference; lastKnownFileType = sourcecode.swift; path = SwipeActionsForListBootcamp.swift; sourceTree = "<group>"; };
		C6A561862B3C6D4A005AB713 /* BadgeBootcamp.swift */ = {isa = PBXFileReference; lastKnownFileType = sourcecode.swift; path = BadgeBootcamp.swift; sourceTree = "<group>"; };
		C6A561882B3C7811005AB713 /* FocusStatePropertyWrapper.swift */ = {isa = PBXFileReference; lastKnownFileType = sourcecode.swift; path = FocusStatePropertyWrapper.swift; sourceTree = "<group>"; };
		C6A69EDC2B03CA6B00613484 /* ZstackVstackHstackBootcamp.swift */ = {isa = PBXFileReference; lastKnownFileType = sourcecode.swift; path = ZstackVstackHstackBootcamp.swift; sourceTree = "<group>"; };
		C6B3A2902B07DE67008491B8 /* LazyVgGridBootamps.swift */ = {isa = PBXFileReference; lastKnownFileType = sourcecode.swift; path = LazyVgGridBootamps.swift; sourceTree = "<group>"; };
		C6C38CA12B20D42C002DEC4C /* AnimationCurvesBootcamp.swift */ = {isa = PBXFileReference; lastKnownFileType = sourcecode.swift; path = AnimationCurvesBootcamp.swift; sourceTree = "<group>"; };
		C6D3F9382B30831B00658D9D /* StepperBootcamp.swift */ = {isa = PBXFileReference; lastKnownFileType = sourcecode.swift; path = StepperBootcamp.swift; sourceTree = "<group>"; };
		C6D3F93A2B308CB100658D9D /* SliderBootcamp.swift */ = {isa = PBXFileReference; lastKnownFileType = sourcecode.swift; path = SliderBootcamp.swift; sourceTree = "<group>"; };
		C6D3F93C2B30AC7A00658D9D /* formBootcamp.swift */ = {isa = PBXFileReference; lastKnownFileType = sourcecode.swift; path = formBootcamp.swift; sourceTree = "<group>"; };
		C6D3F93E2B30AFD000658D9D /* SecureFieldBootcamp.swift */ = {isa = PBXFileReference; lastKnownFileType = sourcecode.swift; path = SecureFieldBootcamp.swift; sourceTree = "<group>"; };
		C6D3F9402B30B24400658D9D /* TextSelectionBootcamp.swift */ = {isa = PBXFileReference; lastKnownFileType = sourcecode.swift; path = TextSelectionBootcamp.swift; sourceTree = "<group>"; };
		C6D3F9422B30B36E00658D9D /* LinkBootcamp.swift */ = {isa = PBXFileReference; lastKnownFileType = sourcecode.swift; path = LinkBootcamp.swift; sourceTree = "<group>"; };
		C6DE299B2AF6483000CF3FF9 /* GradientsBootcamp.swift */ = {isa = PBXFileReference; lastKnownFileType = sourcecode.swift; path = GradientsBootcamp.swift; sourceTree = "<group>"; };
		C6DE299D2AF6528300CF3FF9 /* SystemIconsBootcamp.swift */ = {isa = PBXFileReference; lastKnownFileType = sourcecode.swift; path = SystemIconsBootcamp.swift; sourceTree = "<group>"; };
		C6E363D72B062439007C774B /* SpacerBootcamp.swift */ = {isa = PBXFileReference; lastKnownFileType = sourcecode.swift; path = SpacerBootcamp.swift; sourceTree = "<group>"; };
		C6E363D92B0630D6007C774B /* InitsAndEnumsBootcamp.swift */ = {isa = PBXFileReference; lastKnownFileType = sourcecode.swift; path = InitsAndEnumsBootcamp.swift; sourceTree = "<group>"; };
		C6E8BACB2B20CB43009AEE21 /* Catatan.swift */ = {isa = PBXFileReference; lastKnownFileType = sourcecode.swift; path = Catatan.swift; sourceTree = "<group>"; };
		C6EAFAD32AF6716E006B03BA /* ImageBootcamp.swift */ = {isa = PBXFileReference; lastKnownFileType = sourcecode.swift; path = ImageBootcamp.swift; sourceTree = "<group>"; };
		C6EAFAD92AF67BB1006B03BA /* FrameBootcamp.swift */ = {isa = PBXFileReference; lastKnownFileType = sourcecode.swift; path = FrameBootcamp.swift; sourceTree = "<group>"; };
		C6EAFADB2AF68277006B03BA /* BackgorundAndOverlaysBootcamp.swift */ = {isa = PBXFileReference; lastKnownFileType = sourcecode.swift; path = BackgorundAndOverlaysBootcamp.swift; sourceTree = "<group>"; };
		C6ECB1C12AF53E3200CE916B /* TextBootcamp.swift */ = {isa = PBXFileReference; lastKnownFileType = sourcecode.swift; path = TextBootcamp.swift; sourceTree = "<group>"; };
		C6ECB1C52AF54BC300CE916B /* ShapesBootcamp.swift */ = {isa = PBXFileReference; lastKnownFileType = sourcecode.swift; path = ShapesBootcamp.swift; sourceTree = "<group>"; };
		C6ECB1C92AF557DE00CE916B /* ColorBootcamp.swift */ = {isa = PBXFileReference; lastKnownFileType = sourcecode.swift; path = ColorBootcamp.swift; sourceTree = "<group>"; };
		C6EF662B2AF3E6180043C16D /* SwiftfulThinkingBootcamp.app */ = {isa = PBXFileReference; explicitFileType = wrapper.application; includeInIndex = 0; path = SwiftfulThinkingBootcamp.app; sourceTree = BUILT_PRODUCTS_DIR; };
		C6EF662E2AF3E6180043C16D /* SwiftfulThinkingBootcampApp.swift */ = {isa = PBXFileReference; lastKnownFileType = sourcecode.swift; path = SwiftfulThinkingBootcampApp.swift; sourceTree = "<group>"; };
		C6EF66302AF3E6180043C16D /* ContentView.swift */ = {isa = PBXFileReference; lastKnownFileType = sourcecode.swift; path = ContentView.swift; sourceTree = "<group>"; };
		C6EF66322AF3E6190043C16D /* Assets.xcassets */ = {isa = PBXFileReference; lastKnownFileType = folder.assetcatalog; path = Assets.xcassets; sourceTree = "<group>"; };
		C6EF66352AF3E6190043C16D /* Preview Assets.xcassets */ = {isa = PBXFileReference; lastKnownFileType = folder.assetcatalog; path = "Preview Assets.xcassets"; sourceTree = "<group>"; };
		C6F185BA2B2B3B7F00285B55 /* ListBootcamp.swift */ = {isa = PBXFileReference; lastKnownFileType = sourcecode.swift; path = ListBootcamp.swift; sourceTree = "<group>"; };
		C6FD4AD22B36D8FB00EA9825 /* UnwrapOptionals.swift */ = {isa = PBXFileReference; lastKnownFileType = sourcecode.swift; path = UnwrapOptionals.swift; sourceTree = "<group>"; };
		C6FD4AD42B36E85C00EA9825 /* tapGestureBootcamp.swift */ = {isa = PBXFileReference; lastKnownFileType = sourcecode.swift; path = tapGestureBootcamp.swift; sourceTree = "<group>"; };
		C6FDC2DA2B05217F00864AC5 /* PaddingBootcamp.swift */ = {isa = PBXFileReference; lastKnownFileType = sourcecode.swift; path = PaddingBootcamp.swift; sourceTree = "<group>"; };
/* End PBXFileReference section */

/* Begin PBXFrameworksBuildPhase section */
		C6EF66282AF3E6180043C16D /* Frameworks */ = {
			isa = PBXFrameworksBuildPhase;
			buildActionMask = 2147483647;
			files = (
			);
			runOnlyForDeploymentPostprocessing = 0;
		};
/* End PBXFrameworksBuildPhase section */

/* Begin PBXGroup section */
		C60B68B72B16510B00C557D0 /* CloneUi */ = {
			isa = PBXGroup;
			children = (
				C6281E062B18F79A005DA924 /* EdLinkHomeClone.swift */,
				C63E85762B28CEC200D401C1 /* TravelAppsUiHome.swift */,
				C60B68B82B16515200C557D0 /* TwitterProfileClone.swift */,
			);
			path = CloneUi;
			sourceTree = "<group>";
		};
		C66012AE2B387207005BF12A /* DataFlow */ = {
			isa = PBXGroup;
			children = (
				C66856CA2B8E17A500BFCF9D /* OnboardingViewsBootcamp */,
				C6252ADB2B13BDB400B81397 /* StatePropertyWrapper.swift */,
				C60B68B42B163B3300C557D0 /* BindingBootcamp.swift */,
				C66012AF2B387392005BF12A /* CustomDataModel.swift */,
				C606B83C2B38B31900B1480A /* StateObjectandObservableObject.swift */,
				C63C54BA2B3AFE740062EBB5 /* EnvironmentObjectProperty.swift */,
				C6A561882B3C7811005AB713 /* FocusStatePropertyWrapper.swift */,
				C66856C72B8E0E7C00BFCF9D /* AppStorageBootcamp.swift */,
			);
			path = DataFlow;
			sourceTree = "<group>";
		};
		C66856CA2B8E17A500BFCF9D /* OnboardingViewsBootcamp */ = {
			isa = PBXGroup;
			children = (
				C66856CD2B8E1B7700BFCF9D /* ExtensionData.swift */,
				C66856CB2B8E17DD00BFCF9D /* IntroViews.swift */,
				C66856CF2B8E299E00BFCF9D /* OnboardingView.swift */,
				C66856D12B8E6C7700BFCF9D /* ProfileView.swift */,
			);
			path = OnboardingViewsBootcamp;
			sourceTree = "<group>";
		};
		C67E0C8A2B87A7740082F4F8 /* BeginnerLevel */ = {
			isa = PBXGroup;
			children = (
				C60B68B72B16510B00C557D0 /* CloneUi */,
				C66012AE2B387207005BF12A /* DataFlow */,
				C6ECB1C12AF53E3200CE916B /* TextBootcamp.swift */,
				C6ECB1C52AF54BC300CE916B /* ShapesBootcamp.swift */,
				C6ECB1C92AF557DE00CE916B /* ColorBootcamp.swift */,
				C6DE299B2AF6483000CF3FF9 /* GradientsBootcamp.swift */,
				C6DE299D2AF6528300CF3FF9 /* SystemIconsBootcamp.swift */,
				C6EAFAD32AF6716E006B03BA /* ImageBootcamp.swift */,
				C6EAFAD92AF67BB1006B03BA /* FrameBootcamp.swift */,
				C6EAFADB2AF68277006B03BA /* BackgorundAndOverlaysBootcamp.swift */,
				C6A69EDC2B03CA6B00613484 /* ZstackVstackHstackBootcamp.swift */,
				C6FDC2DA2B05217F00864AC5 /* PaddingBootcamp.swift */,
				C6E363D72B062439007C774B /* SpacerBootcamp.swift */,
				C6E363D92B0630D6007C774B /* InitsAndEnumsBootcamp.swift */,
				C665E6D82B075B8C0043C1A8 /* ForEachLoopsBootcamp.swift */,
				C61C69FE2B07B18B002CEB1E /* ScrollViewBootcamp.swift */,
				C6B3A2902B07DE67008491B8 /* LazyVgGridBootamps.swift */,
				C61314A22B0E4DBC000BC7E7 /* IgnnoreSafeAreaBootcamp.swift */,
				C6450BE62B0E5FF100EA06CA /* ButtonBootcamp.swift */,
				C632F1282B10E99C00468380 /* ButtonBootcamps.swift */,
				C605D9DF2B13A1BF00B05111 /* StatePropertyWrapperBootcamp.swift */,
				C630DA1B2B14FB7800E98CDC /* ExtractingFunctionBootcamp.swift */,
				C630DA1D2B15054900E98CDC /* ExtractingSubViewsBootcamp.swift */,
				C6889EB42B31D58600424103 /* TabViewBootcamp.swift */,
				C645117B2B17965B00C41007 /* IfElseStatementBootcamp.swift */,
				C6566B9F2B1F792A007645AB /* TernaryOperatorBootcamp.swift */,
				C63DFD532B1F89E0001A1E32 /* AnimationBootcamp.swift */,
				C6C38CA12B20D42C002DEC4C /* AnimationCurvesBootcamp.swift */,
				C6176BD22B21F5430029232A /* TransitionBootcamp.swift */,
				C660A7A42B235B7D007BEB53 /* SheetAndFullScreenCoverBootcamp.swift */,
				C61DE6B52B2747C1003B93F8 /* PopoverBootcamp.swift */,
				C63E85782B28D98200D401C1 /* NavigationViewandLinkBootcamp.swift */,
				C6F185BA2B2B3B7F00285B55 /* ListBootcamp.swift */,
				C6394F9C2B2B503200117E1C /* AlertBootcamp.swift */,
				C650D9352B2C91770014C6E7 /* ConfirmationDialogueBootcamp.swift */,
				C65A77992B2DCBAA000D845C /* TextEditorBootcamp.swift */,
				C64535E52B2CA89B0087437D /* TextfieldBootcamps.swift */,
				C619AF902B2DD179007BC6DB /* Toggle()Bootcamp.swift */,
				C604C6EA2B2DE8AA0039773F /* PickerBootcamp.swift */,
				C6A183972B2F415F00FCDA98 /* ColorPickerBootcamp.swift */,
				C6A183992B2F4BCC00FCDA98 /* DatePickerBootcamp.swift */,
				C6D3F9382B30831B00658D9D /* StepperBootcamp.swift */,
				C6D3F93A2B308CB100658D9D /* SliderBootcamp.swift */,
				C6D3F93C2B30AC7A00658D9D /* formBootcamp.swift */,
				C6D3F93E2B30AFD000658D9D /* SecureFieldBootcamp.swift */,
				C6D3F9402B30B24400658D9D /* TextSelectionBootcamp.swift */,
				C6D3F9422B30B36E00658D9D /* LinkBootcamp.swift */,
				C651BFB12B3325DE00A8FDC0 /* AdaptingDarkmodeBootcamp.swift */,
				C651BFB32B332DFF00A8FDC0 /* MarkupAndDocumentationBootcamp.swift */,
				C651BFB52B333F4C00A8FDC0 /* onAppearandonDissapearBootcamp.swift */,
				C6FD4AD22B36D8FB00EA9825 /* UnwrapOptionals.swift */,
				C6FD4AD42B36E85C00EA9825 /* tapGestureBootcamp.swift */,
				C64535E32B2CA0810087437D /* ContextMenu.swift */,
				C6A5617E2B3C5547005AB713 /* AsyncImageBootcamp.swift */,
				C6A561802B3C5F1A005AB713 /* BackgroundMaterialsBootcamp.swift */,
				C6A561822B3C6265005AB713 /* ButtonStyleBootcamp.swift */,
				C6A561842B3C6883005AB713 /* SwipeActionsForListBootcamp.swift */,
				C6A561862B3C6D4A005AB713 /* BadgeBootcamp.swift */,
				C63B56EE2B3DBDE600B2DD82 /* onSubmitandSubmitLabel.swift */,
				C63B56F02B3DC3F100B2DD82 /* NavigationStackBootcamp.swift */,
				C63B56F22B3DC3F900B2DD82 /* ToolbarBootcamp.swift */,
				C68507C42B888C4B000E5E88 /* SaveAreainSetsBootcamp.swift */,
				C68507C62B8891F9000E5E88 /* MenuBootcamp.swift */,
				C68507C82B889390000E5E88 /* PopoverModifierBootcamp.swift */,
				C69D05912B8CCC280053F31F /* AnyLayoutBootcamp.swift */,
				C69D058F2B8CC7EE0053F31F /* ViewThatFitsBootcamp.swift */,
				C6E8BACB2B20CB43009AEE21 /* Catatan.swift */,
			);
			path = BeginnerLevel;
			sourceTree = "<group>";
		};
		C67E0C8B2B87A82C0082F4F8 /* IntermediateLevel */ = {
			isa = PBXGroup;
			children = (
			);
			path = IntermediateLevel;
			sourceTree = "<group>";
		};
		C6ECB1C72AF54BCF00CE916B /* SettingsViews */ = {
			isa = PBXGroup;
			children = (
				C6EF662E2AF3E6180043C16D /* SwiftfulThinkingBootcampApp.swift */,
				C6EF66302AF3E6180043C16D /* ContentView.swift */,
			);
			path = SettingsViews;
			sourceTree = "<group>";
		};
		C6ECB1C82AF54BED00CE916B /* BootcampSwiftUI */ = {
			isa = PBXGroup;
			children = (
				C67E0C8A2B87A7740082F4F8 /* BeginnerLevel */,
				C67E0C8B2B87A82C0082F4F8 /* IntermediateLevel */,
			);
			path = BootcampSwiftUI;
			sourceTree = "<group>";
		};
		C6EF66222AF3E6180043C16D = {
			isa = PBXGroup;
			children = (
				C6EF662D2AF3E6180043C16D /* SwiftfulThinkingBootcamp */,
				C6EF662C2AF3E6180043C16D /* Products */,
			);
			sourceTree = "<group>";
		};
		C6EF662C2AF3E6180043C16D /* Products */ = {
			isa = PBXGroup;
			children = (
				C6EF662B2AF3E6180043C16D /* SwiftfulThinkingBootcamp.app */,
			);
			name = Products;
			sourceTree = "<group>";
		};
		C6EF662D2AF3E6180043C16D /* SwiftfulThinkingBootcamp */ = {
			isa = PBXGroup;
			children = (
				C6ECB1C72AF54BCF00CE916B /* SettingsViews */,
				C6ECB1C82AF54BED00CE916B /* BootcampSwiftUI */,
				C6EF66322AF3E6190043C16D /* Assets.xcassets */,
				C6EF66342AF3E6190043C16D /* Preview Content */,
			);
			path = SwiftfulThinkingBootcamp;
			sourceTree = "<group>";
		};
		C6EF66342AF3E6190043C16D /* Preview Content */ = {
			isa = PBXGroup;
			children = (
				C6EF66352AF3E6190043C16D /* Preview Assets.xcassets */,
			);
			path = "Preview Content";
			sourceTree = "<group>";
		};
/* End PBXGroup section */

/* Begin PBXNativeTarget section */
		C6EF662A2AF3E6180043C16D /* SwiftfulThinkingBootcamp */ = {
			isa = PBXNativeTarget;
			buildConfigurationList = C6EF66392AF3E6190043C16D /* Build configuration list for PBXNativeTarget "SwiftfulThinkingBootcamp" */;
			buildPhases = (
				C6EF66272AF3E6180043C16D /* Sources */,
				C6EF66282AF3E6180043C16D /* Frameworks */,
				C6EF66292AF3E6180043C16D /* Resources */,
			);
			buildRules = (
			);
			dependencies = (
			);
			name = SwiftfulThinkingBootcamp;
			productName = SwiftfulThinkingBootcamp;
			productReference = C6EF662B2AF3E6180043C16D /* SwiftfulThinkingBootcamp.app */;
			productType = "com.apple.product-type.application";
		};
/* End PBXNativeTarget section */

/* Begin PBXProject section */
		C6EF66232AF3E6180043C16D /* Project object */ = {
			isa = PBXProject;
			attributes = {
				BuildIndependentTargetsInParallel = 1;
				LastSwiftUpdateCheck = 1430;
				LastUpgradeCheck = 1520;
				TargetAttributes = {
					C6EF662A2AF3E6180043C16D = {
						CreatedOnToolsVersion = 14.3.1;
						LastSwiftMigration = 1430;
					};
				};
			};
			buildConfigurationList = C6EF66262AF3E6180043C16D /* Build configuration list for PBXProject "SwiftfulThinkingBootcamp" */;
			compatibilityVersion = "Xcode 14.0";
			developmentRegion = en;
			hasScannedForEncodings = 0;
			knownRegions = (
				en,
				Base,
			);
			mainGroup = C6EF66222AF3E6180043C16D;
			productRefGroup = C6EF662C2AF3E6180043C16D /* Products */;
			projectDirPath = "";
			projectRoot = "";
			targets = (
				C6EF662A2AF3E6180043C16D /* SwiftfulThinkingBootcamp */,
			);
		};
/* End PBXProject section */

/* Begin PBXResourcesBuildPhase section */
		C6EF66292AF3E6180043C16D /* Resources */ = {
			isa = PBXResourcesBuildPhase;
			buildActionMask = 2147483647;
			files = (
				C6EF66362AF3E6190043C16D /* Preview Assets.xcassets in Resources */,
				C6EF66332AF3E6190043C16D /* Assets.xcassets in Resources */,
			);
			runOnlyForDeploymentPostprocessing = 0;
		};
/* End PBXResourcesBuildPhase section */

/* Begin PBXSourcesBuildPhase section */
		C6EF66272AF3E6180043C16D /* Sources */ = {
			isa = PBXSourcesBuildPhase;
			buildActionMask = 2147483647;
			files = (
				C65A779A2B2DCBAA000D845C /* TextEditorBootcamp.swift in Sources */,
				C651BFB42B332DFF00A8FDC0 /* MarkupAndDocumentationBootcamp.swift in Sources */,
				C619AF912B2DD179007BC6DB /* Toggle()Bootcamp.swift in Sources */,
				C651BFB22B3325DE00A8FDC0 /* AdaptingDarkmodeBootcamp.swift in Sources */,
				C6D3F9412B30B24400658D9D /* TextSelectionBootcamp.swift in Sources */,
				C6D3F9432B30B36E00658D9D /* LinkBootcamp.swift in Sources */,
				C69D05902B8CC7EE0053F31F /* ViewThatFitsBootcamp.swift in Sources */,
				C630DA1C2B14FB7800E98CDC /* ExtractingFunctionBootcamp.swift in Sources */,
				C6ECB1CA2AF557DE00CE916B /* ColorBootcamp.swift in Sources */,
				C66856CE2B8E1B7700BFCF9D /* ExtensionData.swift in Sources */,
				C6A1839A2B2F4BCC00FCDA98 /* DatePickerBootcamp.swift in Sources */,
				C6ECB1C62AF54BC300CE916B /* ShapesBootcamp.swift in Sources */,
				C61C69FF2B07B18B002CEB1E /* ScrollViewBootcamp.swift in Sources */,
				C66856D02B8E299E00BFCF9D /* OnboardingView.swift in Sources */,
				C6566BA02B1F792A007645AB /* TernaryOperatorBootcamp.swift in Sources */,
				C6D3F93D2B30AC7A00658D9D /* formBootcamp.swift in Sources */,
				C6C38CA22B20D42C002DEC4C /* AnimationCurvesBootcamp.swift in Sources */,
				C6EAFADA2AF67BB1006B03BA /* FrameBootcamp.swift in Sources */,
				C6FD4AD52B36E85C00EA9825 /* tapGestureBootcamp.swift in Sources */,
				C665E6D92B075B8C0043C1A8 /* ForEachLoopsBootcamp.swift in Sources */,
				C650D9362B2C91770014C6E7 /* ConfirmationDialogueBootcamp.swift in Sources */,
				C64535E42B2CA0810087437D /* ContextMenu.swift in Sources */,
				C645117C2B17965B00C41007 /* IfElseStatementBootcamp.swift in Sources */,
				C6DE299E2AF6528300CF3FF9 /* SystemIconsBootcamp.swift in Sources */,
				C6FDC2DB2B05217F00864AC5 /* PaddingBootcamp.swift in Sources */,
				C66856CC2B8E17DD00BFCF9D /* IntroViews.swift in Sources */,
				C6889EB52B31D58600424103 /* TabViewBootcamp.swift in Sources */,
				C6EF66312AF3E6180043C16D /* ContentView.swift in Sources */,
				C69D05922B8CCC280053F31F /* AnyLayoutBootcamp.swift in Sources */,
				C63B56EF2B3DBDE600B2DD82 /* onSubmitandSubmitLabel.swift in Sources */,
				C6176BD32B21F5430029232A /* TransitionBootcamp.swift in Sources */,
				C6A69EDD2B03CA6B00613484 /* ZstackVstackHstackBootcamp.swift in Sources */,
				C630DA1E2B15054900E98CDC /* ExtractingSubViewsBootcamp.swift in Sources */,
				C6A561852B3C6883005AB713 /* SwipeActionsForListBootcamp.swift in Sources */,
				C6E363DA2B0630D6007C774B /* InitsAndEnumsBootcamp.swift in Sources */,
				C651BFB62B333F4C00A8FDC0 /* onAppearandonDissapearBootcamp.swift in Sources */,
				C6ECB1C22AF53E3300CE916B /* TextBootcamp.swift in Sources */,
				C6450BE72B0E5FF100EA06CA /* ButtonBootcamp.swift in Sources */,
				C6A561832B3C6265005AB713 /* ButtonStyleBootcamp.swift in Sources */,
				C6A5617F2B3C5547005AB713 /* AsyncImageBootcamp.swift in Sources */,
				C6F185BB2B2B3B7F00285B55 /* ListBootcamp.swift in Sources */,
				C6D3F9392B30831B00658D9D /* StepperBootcamp.swift in Sources */,
				C6EF662F2AF3E6180043C16D /* SwiftfulThinkingBootcampApp.swift in Sources */,
				C6A183982B2F415F00FCDA98 /* ColorPickerBootcamp.swift in Sources */,
				C6D3F93B2B308CB100658D9D /* SliderBootcamp.swift in Sources */,
				C6B3A2912B07DE67008491B8 /* LazyVgGridBootamps.swift in Sources */,
				C63E85792B28D98200D401C1 /* NavigationViewandLinkBootcamp.swift in Sources */,
				C6281E072B18F79A005DA924 /* EdLinkHomeClone.swift in Sources */,
				C632F1292B10E99C00468380 /* ButtonBootcamps.swift in Sources */,
				C64535E62B2CA89B0087437D /* TextfieldBootcamps.swift in Sources */,
				C68507C92B889390000E5E88 /* PopoverModifierBootcamp.swift in Sources */,
				C63E85772B28CEC200D401C1 /* TravelAppsUiHome.swift in Sources */,
				C6EAFADC2AF68277006B03BA /* BackgorundAndOverlaysBootcamp.swift in Sources */,
				C60B68B52B163B3300C557D0 /* BindingBootcamp.swift in Sources */,
				C60B68B92B16515200C557D0 /* TwitterProfileClone.swift in Sources */,
				C66856D22B8E6C7700BFCF9D /* ProfileView.swift in Sources */,
				C63B56F12B3DC3F100B2DD82 /* NavigationStackBootcamp.swift in Sources */,
				C6FD4AD32B36D8FB00EA9825 /* UnwrapOptionals.swift in Sources */,
				C606B83D2B38B31900B1480A /* StateObjectandObservableObject.swift in Sources */,
				C68507C72B8891F9000E5E88 /* MenuBootcamp.swift in Sources */,
				C6E8BACC2B20CB43009AEE21 /* Catatan.swift in Sources */,
				C63DFD542B1F89E0001A1E32 /* AnimationBootcamp.swift in Sources */,
				C6A561892B3C7811005AB713 /* FocusStatePropertyWrapper.swift in Sources */,
				C6E363D82B062439007C774B /* SpacerBootcamp.swift in Sources */,
				C6EAFAD42AF6716E006B03BA /* ImageBootcamp.swift in Sources */,
				C66012B02B387392005BF12A /* CustomDataModel.swift in Sources */,
				C63C54BB2B3AFE740062EBB5 /* EnvironmentObjectProperty.swift in Sources */,
				C604C6EB2B2DE8AA0039773F /* PickerBootcamp.swift in Sources */,
				C6A561872B3C6D4A005AB713 /* BadgeBootcamp.swift in Sources */,
				C6D3F93F2B30AFD000658D9D /* SecureFieldBootcamp.swift in Sources */,
				C63B56F32B3DC3F900B2DD82 /* ToolbarBootcamp.swift in Sources */,
				C605D9E02B13A1BF00B05111 /* StatePropertyWrapperBootcamp.swift in Sources */,
				C6A561812B3C5F1A005AB713 /* BackgroundMaterialsBootcamp.swift in Sources */,
				C6394F9D2B2B503200117E1C /* AlertBootcamp.swift in Sources */,
				C68507C52B888C4B000E5E88 /* SaveAreainSetsBootcamp.swift in Sources */,
				C6DE299C2AF6483000CF3FF9 /* GradientsBootcamp.swift in Sources */,
				C66856C82B8E0E7C00BFCF9D /* AppStorageBootcamp.swift in Sources */,
				C660A7A52B235B7D007BEB53 /* SheetAndFullScreenCoverBootcamp.swift in Sources */,
				C61DE6B62B2747C1003B93F8 /* PopoverBootcamp.swift in Sources */,
				C61314A32B0E4DBC000BC7E7 /* IgnnoreSafeAreaBootcamp.swift in Sources */,
				C6252ADC2B13BDB400B81397 /* StatePropertyWrapper.swift in Sources */,
			);
			runOnlyForDeploymentPostprocessing = 0;
		};
/* End PBXSourcesBuildPhase section */

/* Begin XCBuildConfiguration section */
		C6EF66372AF3E6190043C16D /* Debug */ = {
			isa = XCBuildConfiguration;
			buildSettings = {
				ALWAYS_SEARCH_USER_PATHS = NO;
				CLANG_ANALYZER_NONNULL = YES;
				CLANG_ANALYZER_NUMBER_OBJECT_CONVERSION = YES_AGGRESSIVE;
				CLANG_CXX_LANGUAGE_STANDARD = "gnu++20";
				CLANG_ENABLE_MODULES = YES;
				CLANG_ENABLE_OBJC_ARC = YES;
				CLANG_ENABLE_OBJC_WEAK = YES;
				CLANG_WARN_BLOCK_CAPTURE_AUTORELEASING = YES;
				CLANG_WARN_BOOL_CONVERSION = YES;
				CLANG_WARN_COMMA = YES;
				CLANG_WARN_CONSTANT_CONVERSION = YES;
				CLANG_WARN_DEPRECATED_OBJC_IMPLEMENTATIONS = YES;
				CLANG_WARN_DIRECT_OBJC_ISA_USAGE = YES_ERROR;
				CLANG_WARN_DOCUMENTATION_COMMENTS = YES;
				CLANG_WARN_EMPTY_BODY = YES;
				CLANG_WARN_ENUM_CONVERSION = YES;
				CLANG_WARN_INFINITE_RECURSION = YES;
				CLANG_WARN_INT_CONVERSION = YES;
				CLANG_WARN_NON_LITERAL_NULL_CONVERSION = YES;
				CLANG_WARN_OBJC_IMPLICIT_RETAIN_SELF = YES;
				CLANG_WARN_OBJC_LITERAL_CONVERSION = YES;
				CLANG_WARN_OBJC_ROOT_CLASS = YES_ERROR;
				CLANG_WARN_QUOTED_INCLUDE_IN_FRAMEWORK_HEADER = YES;
				CLANG_WARN_RANGE_LOOP_ANALYSIS = YES;
				CLANG_WARN_STRICT_PROTOTYPES = YES;
				CLANG_WARN_SUSPICIOUS_MOVE = YES;
				CLANG_WARN_UNGUARDED_AVAILABILITY = YES_AGGRESSIVE;
				CLANG_WARN_UNREACHABLE_CODE = YES;
				CLANG_WARN__DUPLICATE_METHOD_MATCH = YES;
				COPY_PHASE_STRIP = NO;
				DEBUG_INFORMATION_FORMAT = dwarf;
				ENABLE_STRICT_OBJC_MSGSEND = YES;
				ENABLE_TESTABILITY = YES;
				ENABLE_USER_SCRIPT_SANDBOXING = YES;
				GCC_C_LANGUAGE_STANDARD = gnu11;
				GCC_DYNAMIC_NO_PIC = NO;
				GCC_NO_COMMON_BLOCKS = YES;
				GCC_OPTIMIZATION_LEVEL = 0;
				GCC_PREPROCESSOR_DEFINITIONS = (
					"DEBUG=1",
					"$(inherited)",
				);
				GCC_WARN_64_TO_32_BIT_CONVERSION = YES;
				GCC_WARN_ABOUT_RETURN_TYPE = YES_ERROR;
				GCC_WARN_UNDECLARED_SELECTOR = YES;
				GCC_WARN_UNINITIALIZED_AUTOS = YES_AGGRESSIVE;
				GCC_WARN_UNUSED_FUNCTION = YES;
				GCC_WARN_UNUSED_VARIABLE = YES;
				IPHONEOS_DEPLOYMENT_TARGET = 16.4;
				MTL_ENABLE_DEBUG_INFO = INCLUDE_SOURCE;
				MTL_FAST_MATH = YES;
				ONLY_ACTIVE_ARCH = YES;
				SDKROOT = iphoneos;
				SWIFT_ACTIVE_COMPILATION_CONDITIONS = DEBUG;
				SWIFT_OPTIMIZATION_LEVEL = "-Onone";
			};
			name = Debug;
		};
		C6EF66382AF3E6190043C16D /* Release */ = {
			isa = XCBuildConfiguration;
			buildSettings = {
				ALWAYS_SEARCH_USER_PATHS = NO;
				CLANG_ANALYZER_NONNULL = YES;
				CLANG_ANALYZER_NUMBER_OBJECT_CONVERSION = YES_AGGRESSIVE;
				CLANG_CXX_LANGUAGE_STANDARD = "gnu++20";
				CLANG_ENABLE_MODULES = YES;
				CLANG_ENABLE_OBJC_ARC = YES;
				CLANG_ENABLE_OBJC_WEAK = YES;
				CLANG_WARN_BLOCK_CAPTURE_AUTORELEASING = YES;
				CLANG_WARN_BOOL_CONVERSION = YES;
				CLANG_WARN_COMMA = YES;
				CLANG_WARN_CONSTANT_CONVERSION = YES;
				CLANG_WARN_DEPRECATED_OBJC_IMPLEMENTATIONS = YES;
				CLANG_WARN_DIRECT_OBJC_ISA_USAGE = YES_ERROR;
				CLANG_WARN_DOCUMENTATION_COMMENTS = YES;
				CLANG_WARN_EMPTY_BODY = YES;
				CLANG_WARN_ENUM_CONVERSION = YES;
				CLANG_WARN_INFINITE_RECURSION = YES;
				CLANG_WARN_INT_CONVERSION = YES;
				CLANG_WARN_NON_LITERAL_NULL_CONVERSION = YES;
				CLANG_WARN_OBJC_IMPLICIT_RETAIN_SELF = YES;
				CLANG_WARN_OBJC_LITERAL_CONVERSION = YES;
				CLANG_WARN_OBJC_ROOT_CLASS = YES_ERROR;
				CLANG_WARN_QUOTED_INCLUDE_IN_FRAMEWORK_HEADER = YES;
				CLANG_WARN_RANGE_LOOP_ANALYSIS = YES;
				CLANG_WARN_STRICT_PROTOTYPES = YES;
				CLANG_WARN_SUSPICIOUS_MOVE = YES;
				CLANG_WARN_UNGUARDED_AVAILABILITY = YES_AGGRESSIVE;
				CLANG_WARN_UNREACHABLE_CODE = YES;
				CLANG_WARN__DUPLICATE_METHOD_MATCH = YES;
				COPY_PHASE_STRIP = NO;
				DEBUG_INFORMATION_FORMAT = "dwarf-with-dsym";
				ENABLE_NS_ASSERTIONS = NO;
				ENABLE_STRICT_OBJC_MSGSEND = YES;
				ENABLE_USER_SCRIPT_SANDBOXING = YES;
				GCC_C_LANGUAGE_STANDARD = gnu11;
				GCC_NO_COMMON_BLOCKS = YES;
				GCC_WARN_64_TO_32_BIT_CONVERSION = YES;
				GCC_WARN_ABOUT_RETURN_TYPE = YES_ERROR;
				GCC_WARN_UNDECLARED_SELECTOR = YES;
				GCC_WARN_UNINITIALIZED_AUTOS = YES_AGGRESSIVE;
				GCC_WARN_UNUSED_FUNCTION = YES;
				GCC_WARN_UNUSED_VARIABLE = YES;
				IPHONEOS_DEPLOYMENT_TARGET = 16.4;
				MTL_ENABLE_DEBUG_INFO = NO;
				MTL_FAST_MATH = YES;
				SDKROOT = iphoneos;
				SWIFT_COMPILATION_MODE = wholemodule;
				SWIFT_OPTIMIZATION_LEVEL = "-O";
				VALIDATE_PRODUCT = YES;
			};
			name = Release;
		};
		C6EF663A2AF3E6190043C16D /* Debug */ = {
			isa = XCBuildConfiguration;
			buildSettings = {
				ASSETCATALOG_COMPILER_APPICON_NAME = IconApps;
				ASSETCATALOG_COMPILER_GLOBAL_ACCENT_COLOR_NAME = AccentColor;
				ASSETCATALOG_COMPILER_INCLUDE_ALL_APPICON_ASSETS = NO;
				CLANG_ENABLE_MODULES = YES;
				CODE_SIGN_STYLE = Automatic;
				CURRENT_PROJECT_VERSION = 1;
				DEVELOPMENT_ASSET_PATHS = "\"SwiftfulThinkingBootcamp/Preview Content\"";
				ENABLE_PREVIEWS = YES;
				GENERATE_INFOPLIST_FILE = YES;
				INFOPLIST_KEY_CFBundleDisplayName = Bootcamp;
				INFOPLIST_KEY_UIApplicationSceneManifest_Generation = YES;
				INFOPLIST_KEY_UIApplicationSupportsIndirectInputEvents = YES;
				INFOPLIST_KEY_UILaunchScreen_Generation = YES;
				INFOPLIST_KEY_UISupportedInterfaceOrientations = UIInterfaceOrientationPortrait;
				INFOPLIST_KEY_UISupportedInterfaceOrientations_iPad = "UIInterfaceOrientationLandscapeLeft UIInterfaceOrientationLandscapeRight UIInterfaceOrientationPortrait UIInterfaceOrientationPortraitUpsideDown";
				IPHONEOS_DEPLOYMENT_TARGET = 16.4;
				LD_RUNPATH_SEARCH_PATHS = (
					"$(inherited)",
					"@executable_path/Frameworks",
				);
				MARKETING_VERSION = 1.0;
				PRODUCT_BUNDLE_IDENTIFIER = "Putra-Pebriano-Nurba.SwiftfulThinkingBootcamp";
				PRODUCT_NAME = "$(TARGET_NAME)";
				SUPPORTED_PLATFORMS = "iphoneos iphonesimulator";
				SUPPORTS_MACCATALYST = NO;
				SUPPORTS_MAC_DESIGNED_FOR_IPHONE_IPAD = NO;
				SWIFT_EMIT_LOC_STRINGS = YES;
				SWIFT_OPTIMIZATION_LEVEL = "-Onone";
				SWIFT_VERSION = 5.0;
				TARGETED_DEVICE_FAMILY = "1,2";
			};
			name = Debug;
		};
		C6EF663B2AF3E6190043C16D /* Release */ = {
			isa = XCBuildConfiguration;
			buildSettings = {
				ASSETCATALOG_COMPILER_APPICON_NAME = IconApps;
				ASSETCATALOG_COMPILER_GLOBAL_ACCENT_COLOR_NAME = AccentColor;
				ASSETCATALOG_COMPILER_INCLUDE_ALL_APPICON_ASSETS = NO;
				CLANG_ENABLE_MODULES = YES;
				CODE_SIGN_STYLE = Automatic;
				CURRENT_PROJECT_VERSION = 1;
				DEVELOPMENT_ASSET_PATHS = "\"SwiftfulThinkingBootcamp/Preview Content\"";
				ENABLE_PREVIEWS = YES;
				GENERATE_INFOPLIST_FILE = YES;
				INFOPLIST_KEY_CFBundleDisplayName = Bootcamp;
				INFOPLIST_KEY_UIApplicationSceneManifest_Generation = YES;
				INFOPLIST_KEY_UIApplicationSupportsIndirectInputEvents = YES;
				INFOPLIST_KEY_UILaunchScreen_Generation = YES;
				INFOPLIST_KEY_UISupportedInterfaceOrientations = UIInterfaceOrientationPortrait;
				INFOPLIST_KEY_UISupportedInterfaceOrientations_iPad = "UIInterfaceOrientationLandscapeLeft UIInterfaceOrientationLandscapeRight UIInterfaceOrientationPortrait UIInterfaceOrientationPortraitUpsideDown";
				IPHONEOS_DEPLOYMENT_TARGET = 16.4;
				LD_RUNPATH_SEARCH_PATHS = (
					"$(inherited)",
					"@executable_path/Frameworks",
				);
				MARKETING_VERSION = 1.0;
				PRODUCT_BUNDLE_IDENTIFIER = "Putra-Pebriano-Nurba.SwiftfulThinkingBootcamp";
				PRODUCT_NAME = "$(TARGET_NAME)";
				SUPPORTED_PLATFORMS = "iphoneos iphonesimulator";
				SUPPORTS_MACCATALYST = NO;
				SUPPORTS_MAC_DESIGNED_FOR_IPHONE_IPAD = NO;
				SWIFT_EMIT_LOC_STRINGS = YES;
				SWIFT_VERSION = 5.0;
				TARGETED_DEVICE_FAMILY = "1,2";
			};
			name = Release;
		};
/* End XCBuildConfiguration section */

/* Begin XCConfigurationList section */
		C6EF66262AF3E6180043C16D /* Build configuration list for PBXProject "SwiftfulThinkingBootcamp" */ = {
			isa = XCConfigurationList;
			buildConfigurations = (
				C6EF66372AF3E6190043C16D /* Debug */,
				C6EF66382AF3E6190043C16D /* Release */,
			);
			defaultConfigurationIsVisible = 0;
			defaultConfigurationName = Release;
		};
		C6EF66392AF3E6190043C16D /* Build configuration list for PBXNativeTarget "SwiftfulThinkingBootcamp" */ = {
			isa = XCConfigurationList;
			buildConfigurations = (
				C6EF663A2AF3E6190043C16D /* Debug */,
				C6EF663B2AF3E6190043C16D /* Release */,
			);
			defaultConfigurationIsVisible = 0;
			defaultConfigurationName = Release;
		};
/* End XCConfigurationList section */
	};
	rootObject = C6EF66232AF3E6180043C16D /* Project object */;
}
